{"version":4,"terraform_version":"1.10.9","serial":24,"lineage":"df904438-a34a-5728-cd95-298585b35686","outputs":{},"resources":[{"mode":"managed","type":"cloudflare_dns_record","name":"com_apex","provider":"provider[\"registry.opentofu.org/cloudflare/cloudflare\"]","instances":[{"schema_version":500,"attributes":{"comment":null,"comment_modified_on":null,"content":"xinutec.org","created_on":"2026-05-05T22:17:35Z","data":null,"id":"50dd97a9fe5e58f430670dec32bc322a","meta":"{}","modified_on":"2026-05-05T22:17:35Z","name":"xinutec.com","priority":null,"private_routing":null,"proxiable":true,"proxied":false,"settings":{"flatten_cname":false,"ipv4_only":false,"ipv6_only":false},"tags":[],"tags_modified_on":null,"ttl":3600,"type":"CNAME","zone_id":"2fa82a10ba44aa475d5c87a913f71d17"},"sensitive_attributes":[],"dependencies":["cloudflare_zone.xinutec_com"]}]},{"mode":"managed","type":"cloudflare_dns_record","name":"com_dmarc","provider":"provider[\"registry.opentofu.org/cloudflare/cloudflare\"]","instances":[{"schema_version":500,"attributes":{"comment":null,"comment_modified_on":null,"content":"xinutec.org","created_on":"2026-05-05T22:17:35Z","data":null,"id":"04d6b7c41e173e3dfc92610aeb2ba090","meta":"{}","modified_on":"2026-05-05T22:17:35Z","name":"_dmarc","priority":null,"private_routing":null,"proxiable":true,"proxied":false,"settings":{"flatten_cname":false,"ipv4_only":false,"ipv6_only":false},"tags":[],"tags_modified_on":null,"ttl":3600,"type":"CNAME","zone_id":"2fa82a10ba44aa475d5c87a913f71d17"},"sensitive_attributes":[],"dependencies":["cloudflare_zone.xinutec_com"]}]},{"mode":"managed","type":"cloudflare_dns_record","name":"com_mail","provider":"provider[\"registry.opentofu.org/cloudflare/cloudflare\"]","instances":[{"schema_version":500,"attributes":{"comment":null,"comment_modified_on":null,"content":"xinutec.org","created_on":"2026-05-05T22:17:35Z","data":null,"id":"de1e64dc120d13dd487466c7b912f144","meta":"{}","modified_on":"2026-05-05T22:17:35Z","name":"mail","priority":null,"private_routing":null,"proxiable":true,"proxied":false,"settings":{"flatten_cname":false,"ipv4_only":false,"ipv6_only":false},"tags":[],"tags_modified_on":null,"ttl":3600,"type":"CNAME","zone_id":"2fa82a10ba44aa475d5c87a913f71d17"},"sensitive_attributes":[],"dependencies":["cloudflare_zone.xinutec_com"]}]},{"mode":"managed","type":"cloudflare_dns_record","name":"com_www","provider":"provider[\"registry.opentofu.org/cloudflare/cloudflare\"]","instances":[{"schema_version":500,"attributes":{"comment":null,"comment_modified_on":null,"content":"xinutec.org","created_on":"2026-05-05T22:17:35Z","data":null,"id":"1dac1c743c8cbba8dbca49331596776c","meta":"{}","modified_on":"2026-05-05T22:17:35Z","name":"www","priority":null,"private_routing":null,"proxiable":true,"proxied":false,"settings":{"flatten_cname":false,"ipv4_only":false,"ipv6_only":false},"tags":[],"tags_modified_on":null,"ttl":3600,"type":"CNAME","zone_id":"2fa82a10ba44aa475d5c87a913f71d17"},"sensitive_attributes":[],"dependencies":["cloudflare_zone.xinutec_com"]}]},{"mode":"managed","type":"cloudflare_dns_record","name":"homectl_apex_1","provider":"provider[\"registry.opentofu.org/cloudflare/cloudflare\"]","instances":[{"schema_version":500,"attributes":{"comment":null,"comment_modified_on":null,"content":"185.199.108.153","created_on":"2026-05-05T22:17:35Z","data":null,"id":"f7929ea138c8e635e5efb66564a8512d","meta":"{}","modified_on":"2026-05-05T22:17:35Z","name":"homectl.org","priority":null,"private_routing":null,"proxiable":true,"proxied":false,"settings":{"flatten_cname":null,"ipv4_only":null,"ipv6_only":null},"tags":[],"tags_modified_on":null,"ttl":3600,"type":"A","zone_id":"0ef5fb38b467e0f5be0a0cb31e7ca6b2"},"sensitive_attributes":[],"dependencies":["cloudflare_zone.homectl_org"]}]},{"mode":"managed","type":"cloudflare_dns_record","name":"homectl_apex_2","provider":"provider[\"registry.opentofu.org/cloudflare/cloudflare\"]","instances":[{"schema_version":500,"attributes":{"comment":null,"comment_modified_on":null,"content":"185.199.109.153","created_on":"2026-05-05T22:17:35Z","data":null,"id":"65b2e215126872ebdde410d203d50c58","meta":"{}","modified_on":"2026-05-05T22:17:35Z","name":"homectl.org","priority":null,"private_routing":null,"proxiable":true,"proxied":false,"settings":{"flatten_cname":null,"ipv4_only":null,"ipv6_only":null},"tags":[],"tags_modified_on":null,"ttl":3600,"type":"A","zone_id":"0ef5fb38b467e0f5be0a0cb31e7ca6b2"},"sensitive_attributes":[],"dependencies":["cloudflare_zone.homectl_org"]}]},{"mode":"managed","type":"cloudflare_dns_record","name":"homectl_apex_3","provider":"provider[\"registry.opentofu.org/cloudflare/cloudflare\"]","instances":[{"schema_version":500,"attributes":{"comment":null,"comment_modified_on":null,"content":"185.199.110.153","created_on":"2026-05-05T22:17:35Z","data":null,"id":"c54d49354d838c927d5c2b7dd4b622a0","meta":"{}","modified_on":"2026-05-05T22:17:35Z","name":"homectl.org","priority":null,"private_routing":null,"proxiable":true,"proxied":false,"settings":{"flatten_cname":null,"ipv4_only":null,"ipv6_only":null},"tags":[],"tags_modified_on":null,"ttl":3600,"type":"A","zone_id":"0ef5fb38b467e0f5be0a0cb31e7ca6b2"},"sensitive_attributes":[],"dependencies":["cloudflare_zone.homectl_org"]}]},{"mode":"managed","type":"cloudflare_dns_record","name":"homectl_apex_4","provider":"provider[\"registry.opentofu.org/cloudflare/cloudflare\"]","instances":[{"schema_version":500,"attributes":{"comment":null,"comment_modified_on":null,"content":"185.199.111.153","created_on":"2026-05-05T22:17:35Z","data":null,"id":"63c63f7b6e02011ae2b2e71b85bb41e7","meta":"{}","modified_on":"2026-05-05T22:17:35Z","name":"homectl.org","priority":null,"private_routing":null,"proxiable":true,"proxied":false,"settings":{"flatten_cname":null,"ipv4_only":null,"ipv6_only":null},"tags":[],"tags_modified_on":null,"ttl":3600,"type":"A","zone_id":"0ef5fb38b467e0f5be0a0cb31e7ca6b2"},"sensitive_attributes":[],"dependencies":["cloudflare_zone.homectl_org"]}]},{"mode":"managed","type":"cloudflare_dns_record","name":"net_apex_1","provider":"provider[\"registry.opentofu.org/cloudflare/cloudflare\"]","instances":[{"schema_version":500,"attributes":{"comment":null,"comment_modified_on":null,"content":"185.199.108.153","created_on":"2026-05-05T22:05:31Z","data":null,"id":"3cf9f61d20d9d4ebc9d2697ee3293c53","meta":"{}","modified_on":"2026-05-05T22:05:31Z","name":"xinutec.net","priority":null,"private_routing":null,"proxiable":true,"proxied":false,"settings":{"flatten_cname":null,"ipv4_only":null,"ipv6_only":null},"tags":[],"tags_modified_on":null,"ttl":3600,"type":"A","zone_id":"6c8a55dc77b2f001a5277c82f498ae6b"},"sensitive_attributes":[]}]},{"mode":"managed","type":"cloudflare_dns_record","name":"net_apex_2","provider":"provider[\"registry.opentofu.org/cloudflare/cloudflare\"]","instances":[{"schema_version":500,"attributes":{"comment":null,"comment_modified_on":null,"content":"185.199.109.153","created_on":"2026-05-05T22:05:31Z","data":null,"id":"bc019404adbba053c6336e2003e6ce92","meta":"{}","modified_on":"2026-05-05T22:05:31Z","name":"xinutec.net","priority":null,"private_routing":null,"proxiable":true,"proxied":false,"settings":{"flatten_cname":null,"ipv4_only":null,"ipv6_only":null},"tags":[],"tags_modified_on":null,"ttl":3600,"type":"A","zone_id":"6c8a55dc77b2f001a5277c82f498ae6b"},"sensitive_attributes":[]}]},{"mode":"managed","type":"cloudflare_dns_record","name":"net_apex_3","provider":"provider[\"registry.opentofu.org/cloudflare/cloudflare\"]","instances":[{"schema_version":500,"attributes":{"comment":null,"comment_modified_on":null,"content":"185.199.110.153","created_on":"2026-05-05T22:05:31Z","data":null,"id":"96bc84dcd402b88ec311a4d0b0e66040","meta":"{}","modified_on":"2026-05-05T22:05:31Z","name":"xinutec.net","priority":null,"private_routing":null,"proxiable":true,"proxied":false,"settings":{"flatten_cname":null,"ipv4_only":null,"ipv6_only":null},"tags":[],"tags_modified_on":null,"ttl":3600,"type":"A","zone_id":"6c8a55dc77b2f001a5277c82f498ae6b"},"sensitive_attributes":[]}]},{"mode":"managed","type":"cloudflare_dns_record","name":"net_apex_4","provider":"provider[\"registry.opentofu.org/cloudflare/cloudflare\"]","instances":[{"schema_version":500,"attributes":{"comment":null,"comment_modified_on":null,"content":"185.199.111.153","created_on":"2026-05-05T22:05:31Z","data":null,"id":"4261e2c711ca49e54e9bb4c3ee9c008a","meta":"{}","modified_on":"2026-05-05T22:05:31Z","name":"xinutec.net","priority":null,"private_routing":null,"proxiable":true,"proxied":false,"settings":{"flatten_cname":null,"ipv4_only":null,"ipv6_only":null},"tags":[],"tags_modified_on":null,"ttl":3600,"type":"A","zone_id":"6c8a55dc77b2f001a5277c82f498ae6b"},"sensitive_attributes":[]}]},{"mode":"managed","type":"cloudflare_dns_record","name":"net_irc_v4_isis","provider":"provider[\"registry.opentofu.org/cloudflare/cloudflare\"]","instances":[{"schema_version":500,"attributes":{"comment":null,"comment_modified_on":null,"content":"188.165.200.180","created_on":"2026-05-05T22:05:31Z","data":null,"id":"d73cc6e9cbcb82b320bb3a471a4b2f9b","meta":"{}","modified_on":"2026-05-05T22:05:31Z","name":"irc.xinutec.net","priority":null,"private_routing":null,"proxiable":true,"proxied":false,"settings":{"flatten_cname":null,"ipv4_only":null,"ipv6_only":null},"tags":[],"tags_modified_on":null,"ttl":600,"type":"A","zone_id":"6c8a55dc77b2f001a5277c82f498ae6b"},"sensitive_attributes":[]}]},{"mode":"managed","type":"cloudflare_dns_record","name":"net_irc_v4_legacy","provider":"provider[\"registry.opentofu.org/cloudflare/cloudflare\"]","instances":[{"schema_version":500,"attributes":{"comment":null,"comment_modified_on":null,"content":"5.9.157.210","created_on":"2026-05-05T22:05:31Z","data":null,"id":"c224002540b99fd6255ef6406c7f6abb","meta":"{}","modified_on":"2026-05-05T22:05:31Z","name":"irc.xinutec.net","priority":null,"private_routing":null,"proxiable":true,"proxied":false,"settings":{"flatten_cname":null,"ipv4_only":null,"ipv6_only":null},"tags":[],"tags_modified_on":null,"ttl":600,"type":"A","zone_id":"6c8a55dc77b2f001a5277c82f498ae6b"},"sensitive_attributes":[]}]},{"mode":"managed","type":"cloudflare_dns_record","name":"net_irc_v6","provider":"provider[\"registry.opentofu.org/cloudflare/cloudflare\"]","instances":[{"schema_version":500,"attributes":{"comment":null,"comment_modified_on":null,"content":"2a01:4f8:190:50d1::6697","created_on":"2026-05-05T22:05:32Z","data":null,"id":"802e4ba4844d27bbd565da97f161ed80","meta":"{}","modified_on":"2026-05-05T22:05:32Z","name":"irc.xinutec.net","priority":null,"private_routing":null,"proxiable":true,"proxied":false,"settings":{"flatten_cname":null,"ipv4_only":null,"ipv6_only":null},"tags":[],"tags_modified_on":null,"ttl":600,"type":"AAAA","zone_id":"6c8a55dc77b2f001a5277c82f498ae6b"},"sensitive_attributes":[]}]},{"mode":"managed","type":"cloudflare_dns_record","name":"net_www","provider":"provider[\"registry.opentofu.org/cloudflare/cloudflare\"]","instances":[{"schema_version":500,"attributes":{"comment":null,"comment_modified_on":null,"content":"xinutec.net","created_on":"2026-05-05T22:05:31Z","data":null,"id":"467927095519072fcfbd056a209f2c3f","meta":"{}","modified_on":"2026-05-05T22:05:31Z","name":"www.xinutec.net","priority":null,"private_routing":null,"proxiable":true,"proxied":false,"settings":{"flatten_cname":false,"ipv4_only":false,"ipv6_only":false},"tags":[],"tags_modified_on":null,"ttl":3600,"type":"CNAME","zone_id":"6c8a55dc77b2f001a5277c82f498ae6b"},"sensitive_attributes":[]}]},{"mode":"managed","type":"cloudflare_dns_record","name":"org_amun","provider":"provider[\"registry.opentofu.org/cloudflare/cloudflare\"]","instances":[{"schema_version":500,"attributes":{"comment":null,"comment_modified_on":null,"content":"94.23.247.133","created_on":"2026-05-05T22:05:31Z","data":null,"id":"3cbef2f71cd5acd5176619185b807205","meta":"{}","modified_on":"2026-05-05T22:05:31Z","name":"amun.xinutec.org","priority":null,"private_routing":null,"proxiable":true,"proxied":false,"settings":{"flatten_cname":null,"ipv4_only":null,"ipv6_only":null},"tags":[],"tags_modified_on":null,"ttl":3600,"type":"A","zone_id":"ba121905b5eeeba62387f21b3251f02f"},"sensitive_attributes":[]}]},{"mode":"managed","type":"cloudflare_dns_record","name":"org_apex","provider":"provider[\"registry.opentofu.org/cloudflare/cloudflare\"]","instances":[{"schema_version":500,"attributes":{"comment":null,"comment_modified_on":null,"content":"94.23.247.133","created_on":"2026-05-05T22:05:31Z","data":null,"id":"7026b341f7b9825ad3503e13c9b7f71e","meta":"{}","modified_on":"2026-05-05T22:05:31Z","name":"xinutec.org","priority":null,"private_routing":null,"proxiable":true,"proxied":false,"settings":{"flatten_cname":null,"ipv4_only":null,"ipv6_only":null},"tags":[],"tags_modified_on":null,"ttl":3600,"type":"A","zone_id":"ba121905b5eeeba62387f21b3251f02f"},"sensitive_attributes":[]}]},{"mode":"managed","type":"cloudflare_dns_record","name":"org_dash","provider":"provider[\"registry.opentofu.org/cloudflare/cloudflare\"]","instances":[{"schema_version":500,"attributes":{"comment":null,"comment_modified_on":null,"content":"isis.xinutec.org","created_on":"2026-05-05T22:05:31Z","data":null,"id":"e92b8ed10a8d5c92a35ee2f49de61f4e","meta":"{}","modified_on":"2026-05-05T22:05:31Z","name":"dash.xinutec.org","priority":null,"private_routing":null,"proxiable":true,"proxied":false,"settings":{"flatten_cname":false,"ipv4_only":false,"ipv6_only":false},"tags":[],"tags_modified_on":null,"ttl":3600,"type":"CNAME","zone_id":"ba121905b5eeeba62387f21b3251f02f"},"sensitive_attributes":[]}]},{"mode":"managed","type":"cloudflare_dns_record","name":"org_dkim","provider":"provider[\"registry.opentofu.org/cloudflare/cloudflare\"]","instances":[{"schema_version":500,"attributes":{"comment":null,"comment_modified_on":null,"content":"v=DKIM1; k=rsa; p=MIIBIjANBgkqhkiG9w0BAQEFAAOCAQ8AMIIBCgKCAQEAqzkg187Oq5SnWZWD/zq+m0SsVjkeWpELaxIA4FO6zm+EVD9p8sxzV0AfbQh65DiqwmCv2vAA40I5KlhskOTlLgZkWicgyQNi9Z+tczLB+UH/8eYdFWHgpHXKVB0EBuQcAl4j69JXvOT+HnRtDoDTJZo7sayfjx+OCUymvuk0EnU7gamyMLPcnkBrVFaD5Dj/zGCJbYL0/5rfVb8XKf44W8lCcM1suMyI3PIFKcaGaKNTdaPNNuZP+bG0rFjgZQJcyhObYxf29UqDq4KUAn+pn3rPcVNa6Apo66EitIPKHXTholfh7ycb1CmniD1gImJd/9fsMyRgkW0o1FITzP0e9QIDAQAB","created_on":"2026-05-05T22:05:31Z","data":null,"id":"875618ae25bc375a7e265bfdbc58cbee","meta":"{}","modified_on":"2026-05-05T22:05:31Z","name":"dkim._domainkey.xinutec.org","priority":null,"private_routing":null,"proxiable":false,"proxied":false,"settings":{"flatten_cname":null,"ipv4_only":null,"ipv6_only":null},"tags":[],"tags_modified_on":null,"ttl":600,"type":"TXT","zone_id":"ba121905b5eeeba62387f21b3251f02f"},"sensitive_attributes":[]}]},{"mode":"managed","type":"cloudflare_dns_record","name":"org_dmarc","provider":"provider[\"registry.opentofu.org/cloudflare/cloudflare\"]","instances":[{"schema_version":500,"attributes":{"comment":null,"comment_modified_on":null,"content":"v=DMARC1; p=reject; adkim=s; aspf=s","created_on":"2026-05-05T22:05:31Z","data":null,"id":"0a76a7f7f9ebb11fb037da55d5f833c2","meta":"{}","modified_on":"2026-05-05T22:05:31Z","name":"_dmarc.xinutec.org","priority":null,"private_routing":null,"proxiable":false,"proxied":false,"settings":{"flatten_cname":null,"ipv4_only":null,"ipv6_only":null},"tags":[],"tags_modified_on":null,"ttl":600,"type":"TXT","zone_id":"ba121905b5eeeba62387f21b3251f02f"},"sensitive_attributes":[]}]},{"mode":"managed","type":"cloudflare_dns_record","name":"org_google_verify","provider":"provider[\"registry.opentofu.org/cloudflare/cloudflare\"]","instances":[{"schema_version":500,"attributes":{"comment":null,"comment_modified_on":null,"content":"google-site-verification=JrY6mtwaCKsVi-2XnAFgBJ0albfgmkpPIbeMpBsgUPU","created_on":"2026-05-05T22:05:31Z","data":null,"id":"4639cbaaacedf443308c99271b586587","meta":"{}","modified_on":"2026-05-05T22:05:31Z","name":"xinutec.org","priority":null,"private_routing":null,"proxiable":false,"proxied":false,"settings":{"flatten_cname":null,"ipv4_only":null,"ipv6_only":null},"tags":[],"tags_modified_on":null,"ttl":600,"type":"TXT","zone_id":"ba121905b5eeeba62387f21b3251f02f"},"sensitive_attributes":[]}]},{"mode":"managed","type":"cloudflare_dns_record","name":"org_irc","provider":"provider[\"registry.opentofu.org/cloudflare/cloudflare\"]","instances":[{"schema_version":500,"attributes":{"comment":null,"comment_modified_on":null,"content":"irc.xinutec.net","created_on":"2026-05-05T22:05:31Z","data":null,"id":"5bd143668483153b558a8bf92acc7dd9","meta":"{}","modified_on":"2026-05-05T22:05:31Z","name":"irc.xinutec.org","priority":null,"private_routing":null,"proxiable":true,"proxied":false,"settings":{"flatten_cname":false,"ipv4_only":false,"ipv6_only":false},"tags":[],"tags_modified_on":null,"ttl":3600,"type":"CNAME","zone_id":"ba121905b5eeeba62387f21b3251f02f"},"sensitive_attributes":[]}]},{"mode":"managed","type":"cloudflare_dns_record","name":"org_isis","provider":"provider[\"registry.opentofu.org/cloudflare/cloudflare\"]","instances":[{"schema_version":500,"attributes":{"comment":null,"comment_modified_on":null,"content":"188.165.200.180","created_on":"2026-05-05T22:05:31Z","data":null,"id":"234641678c0c0051afc35a3bef67faee","meta":"{}","modified_on":"2026-05-05T22:05:31Z","name":"isis.xinutec.org","priority":null,"private_routing":null,"proxiable":true,"proxied":false,"settings":{"flatten_cname":null,"ipv4_only":null,"ipv6_only":null},"tags":[],"tags_modified_on":null,"ttl":3600,"type":"A","zone_id":"ba121905b5eeeba62387f21b3251f02f"},"sensitive_attributes":[]}]},{"mode":"managed","type":"cloudflare_dns_record","name":"org_mail","provider":"provider[\"registry.opentofu.org/cloudflare/cloudflare\"]","instances":[{"schema_version":500,"attributes":{"comment":null,"comment_modified_on":null,"content":"amun.xinutec.org","created_on":"2026-05-05T22:05:31Z","data":null,"id":"3bf2626e3f810d4d5bbbb81f7257a89c","meta":"{}","modified_on":"2026-05-05T22:05:31Z","name":"mail.xinutec.org","priority":null,"private_routing":null,"proxiable":true,"proxied":false,"settings":{"flatten_cname":false,"ipv4_only":false,"ipv6_only":false},"tags":[],"tags_modified_on":null,"ttl":3600,"type":"CNAME","zone_id":"ba121905b5eeeba62387f21b3251f02f"},"sensitive_attributes":[]}]},{"mode":"managed","type":"cloudflare_dns_record","name":"org_mx","provider":"provider[\"registry.opentofu.org/cloudflare/cloudflare\"]","instances":[{"schema_version":500,"attributes":{"comment":null,"comment_modified_on":null,"content":"mail.xinutec.org","created_on":"2026-05-05T22:05:31Z","data":null,"id":"5ca58d26a999cf6e63741f9bb30a915a","meta":"{}","modified_on":"2026-05-05T22:05:31Z","name":"xinutec.org","priority":10,"private_routing":null,"proxiable":false,"proxied":false,"settings":{"flatten_cname":null,"ipv4_only":null,"ipv6_only":null},"tags":[],"tags_modified_on":null,"ttl":3600,"type":"MX","zone_id":"ba121905b5eeeba62387f21b3251f02f"},"sensitive_attributes":[]}]},{"mode":"managed","type":"cloudflare_dns_record","name":"org_odin","provider":"provider[\"registry.opentofu.org/cloudflare/cloudflare\"]","instances":[{"schema_version":500,"attributes":{"comment":null,"comment_modified_on":null,"content":"5.196.65.240","created_on":"2026-05-05T22:05:31Z","data":null,"id":"6eaa10ab90c3d1524bdf25b26d4029e0","meta":"{}","modified_on":"2026-05-05T22:05:31Z","name":"odin.xinutec.org","priority":null,"private_routing":null,"proxiable":true,"proxied":false,"settings":{"flatten_cname":null,"ipv4_only":null,"ipv6_only":null},"tags":[],"tags_modified_on":null,"ttl":3600,"type":"A","zone_id":"ba121905b5eeeba62387f21b3251f02f"},"sensitive_attributes":[]}]},{"mode":"managed","type":"cloudflare_dns_record","name":"org_spf","provider":"provider[\"registry.opentofu.org/cloudflare/cloudflare\"]","instances":[{"schema_version":500,"attributes":{"comment":null,"comment_modified_on":null,"content":"v=spf1 mx a:mail.xinutec.org ip4:94.23.247.133 ~all","created_on":"2026-05-05T22:05:31Z","data":null,"id":"e4d825282990bc37b41ba4e949907376","meta":"{}","modified_on":"2026-05-05T22:05:31Z","name":"xinutec.org","priority":null,"private_routing":null,"proxiable":false,"proxied":false,"settings":{"flatten_cname":null,"ipv4_only":null,"ipv6_only":null},"tags":[],"tags_modified_on":null,"ttl":600,"type":"TXT","zone_id":"ba121905b5eeeba62387f21b3251f02f"},"sensitive_attributes":[]}]},{"mode":"managed","type":"cloudflare_zone","name":"homectl_org","provider":"provider[\"registry.opentofu.org/cloudflare/cloudflare\"]","instances":[{"schema_version":500,"attributes":{"account":{"id":"407ea5b2ecba7b6d708aa1071070df76"},"activated_on":null,"cname_suffix":null,"created_on":"2026-05-05T22:17:34Z","development_mode":0,"id":"0ef5fb38b467e0f5be0a0cb31e7ca6b2","meta":{"cdn_only":null,"custom_certificate_quota":0,"dns_only":null,"foundation_dns":null,"page_rule_quota":3,"phishing_detected":false,"step":4},"modified_on":"2026-05-05T22:17:34Z","name":"homectl.org","name_servers":["jerry.ns.cloudflare.com","leanna.ns.cloudflare.com"],"original_dnshost":null,"original_name_servers":["ns.inwx.de","ns2.inwx.de","ns3.inwx.eu"],"original_registrar":"inwx gmbh (id: 1420)","owner":{"id":null,"name":null,"type":"user"},"paused":false,"permissions":["#zone_settings:read","#zone_settings:edit","#dns_records:read","#dns_records:edit","#page_shield:read","#ssl:read","#page_shield:edit","#zone:edit","#zone:read"],"plan":{"can_subscribe":false,"currency":"USD","externally_managed":false,"frequency":"","id":"0feeeeeeeeeeeeeeeeeeeeeeeeeeeeee","is_subscribed":false,"legacy_discount":false,"legacy_id":"free","name":"Free Website","price":0},"status":"pending","tenant":{"id":null,"name":null},"tenant_unit":{"id":null},"type":"full","vanity_name_servers":[],"verification_key":null},"sensitive_attributes":[]}]},{"mode":"managed","type":"cloudflare_zone","name":"xinutec_com","provider":"provider[\"registry.opentofu.org/cloudflare/cloudflare\"]","instances":[{"schema_version":500,"attributes":{"account":{"id":"407ea5b2ecba7b6d708aa1071070df76"},"activated_on":null,"cname_suffix":null,"created_on":"2026-05-05T22:17:34Z","development_mode":0,"id":"2fa82a10ba44aa475d5c87a913f71d17","meta":{"cdn_only":null,"custom_certificate_quota":0,"dns_only":null,"foundation_dns":null,"page_rule_quota":3,"phishing_detected":false,"step":4},"modified_on":"2026-05-05T22:17:34Z","name":"xinutec.com","name_servers":["jerry.ns.cloudflare.com","leanna.ns.cloudflare.com"],"original_dnshost":null,"original_name_servers":["ns.inwx.de","ns2.inwx.de","ns3.inwx.de"],"original_registrar":"inwx gmbh (id: 1420)","owner":{"id":null,"name":null,"type":"user"},"paused":false,"permissions":["#zone_settings:read","#zone_settings:edit","#dns_records:read","#dns_records:edit","#page_shield:read","#ssl:read","#page_shield:edit","#zone:edit","#zone:read"],"plan":{"can_subscribe":false,"currency":"USD","externally_managed":false,"frequency":"","id":"0feeeeeeeeeeeeeeeeeeeeeeeeeeeeee","is_subscribed":false,"legacy_discount":false,"legacy_id":"free","name":"Free Website","price":0},"status":"pending","tenant":{"id":null,"name":null},"tenant_unit":{"id":null},"type":"full","vanity_name_servers":[],"verification_key":null},"sensitive_attributes":[]}]},{"mode":"managed","type":"cloudflare_zone","name":"xinutec_de","provider":"provider[\"registry.opentofu.org/cloudflare/cloudflare\"]","instances":[{"schema_version":500,"attributes":{"account":{"id":"407ea5b2ecba7b6d708aa1071070df76"},"activated_on":null,"cname_suffix":null,"created_on":"2026-05-05T22:17:35Z","development_mode":0,"id":"cd36c20e26e08f1b5c494cb7e26e20b8","meta":{"cdn_only":null,"custom_certificate_quota":0,"dns_only":null,"foundation_dns":null,"page_rule_quota":3,"phishing_detected":false,"step":4},"modified_on":"2026-05-05T22:17:35Z","name":"xinutec.de","name_servers":["jerry.ns.cloudflare.com","leanna.ns.cloudflare.com"],"original_dnshost":null,"original_name_servers":["ns.inwx.de","ns2.inwx.de","ns3.inwx.de"],"original_registrar":null,"owner":{"id":null,"name":null,"type":"user"},"paused":false,"permissions":["#zone_settings:read","#zone_settings:edit","#dns_records:read","#dns_records:edit","#page_shield:read","#ssl:read","#page_shield:edit","#zone:edit","#zone:read"],"plan":{"can_subscribe":false,"currency":"USD","externally_managed":false,"frequency":"","id":"0feeeeeeeeeeeeeeeeeeeeeeeeeeeeee","is_subscribed":false,"legacy_discount":false,"legacy_id":"free","name":"Free Website","price":0},"status":"pending","tenant":{"id":null,"name":null},"tenant_unit":{"id":null},"type":"full","vanity_name_servers":[],"verification_key":null},"sensitive_attributes":[]}]},{"mode":"managed","type":"cloudflare_zone","name":"xinutec_net","provider":"provider[\"registry.opentofu.org/cloudflare/cloudflare\"]","instances":[{"schema_version":500,"attributes":{"account":{"id":"407ea5b2ecba7b6d708aa1071070df76"},"activated_on":null,"cname_suffix":null,"created_on":"2026-05-05T22:05:31Z","development_mode":0,"id":"6c8a55dc77b2f001a5277c82f498ae6b","meta":{"cdn_only":null,"custom_certificate_quota":0,"dns_only":null,"foundation_dns":null,"page_rule_quota":3,"phishing_detected":false,"step":4},"modified_on":"2026-05-05T22:05:31Z","name":"xinutec.net","name_servers":["jerry.ns.cloudflare.com","leanna.ns.cloudflare.com"],"original_dnshost":null,"original_name_servers":["ns.inwx.de","ns2.inwx.de","ns3.inwx.eu"],"original_registrar":"inwx gmbh (id: 1420)","owner":{"id":null,"name":null,"type":"user"},"paused":false,"permissions":["#zone_settings:read","#zone_settings:edit","#dns_records:read","#dns_records:edit","#page_shield:read","#ssl:read","#page_shield:edit","#zone:edit","#zone:read"],"plan":{"can_subscribe":false,"currency":"USD","externally_managed":false,"frequency":"","id":"0feeeeeeeeeeeeeeeeeeeeeeeeeeeeee","is_subscribed":false,"legacy_discount":false,"legacy_id":"free","name":"Free Website","price":0},"status":"pending","tenant":{"id":null,"name":null},"tenant_unit":{"id":null},"type":"full","vanity_name_servers":[],"verification_key":null},"sensitive_attributes":[]}]},{"mode":"managed","type":"cloudflare_zone","name":"xinutec_org","provider":"provider[\"registry.opentofu.org/cloudflare/cloudflare\"]","instances":[{"schema_version":500,"attributes":{"account":{"id":"407ea5b2ecba7b6d708aa1071070df76"},"activated_on":null,"cname_suffix":null,"created_on":"2026-05-05T22:05:30Z","development_mode":0,"id":"ba121905b5eeeba62387f21b3251f02f","meta":{"cdn_only":null,"custom_certificate_quota":0,"dns_only":null,"foundation_dns":null,"page_rule_quota":3,"phishing_detected":false,"step":4},"modified_on":"2026-05-05T22:05:30Z","name":"xinutec.org","name_servers":["jerry.ns.cloudflare.com","leanna.ns.cloudflare.com"],"original_dnshost":null,"original_name_servers":["ns.inwx.de","ns2.inwx.de","ns3.inwx.de"],"original_registrar":"inwx gmbh (id: 1420)","owner":{"id":null,"name":null,"type":"user"},"paused":false,"permissions":["#zone_settings:read","#zone_settings:edit","#dns_records:read","#dns_records:edit","#page_shield:read","#ssl:read","#page_shield:edit","#zone:edit","#zone:read"],"plan":{"can_subscribe":false,"currency":"USD","externally_managed":false,"frequency":"","id":"0feeeeeeeeeeeeeeeeeeeeeeeeeeeeee","is_subscribed":false,"legacy_discount":false,"legacy_id":"free","name":"Free Website","price":0},"status":"pending","tenant":{"id":null,"name":null},"tenant_unit":{"id":null},"type":"full","vanity_name_servers":[],"verification_key":null},"sensitive_attributes":[]}]}],"check_results":null}
